
Microsoft Visual Studio Solution File, Format Version 12.00
# Visual Studio 15
VisualStudioVersion = 15.0.28307.489
MinimumVisualStudioVersion = 10.0.40219.1
Project("{FAE04EC0-301F-11D3-BF4B-00C04F79EFBC}") = "LeBonCoin_Xamarin.Android", "LeBonCoin_Xamarin\LeBonCoin_Xamarin.Android\LeBonCoin_Xamarin.Android.csproj", "{3183AA7A-A0B7-44B7-A31E-63C715BDEA2F}"
EndProject
Project("{FAE04EC0-301F-11D3-BF4B-00C04F79EFBC}") = "LeBonCoin_Xamarin", "LeBonCoin_Xamarin\LeBonCoin_Xamarin\LeBonCoin_Xamarin.csproj", "{45EC771A-03BB-475F-8CAA-80B06B5B2E10}"
EndProject
Global
	GlobalSection(SolutionConfigurationPlatforms) = preSolution
		Debug|Any CPU = Debug|Any CPU
		Release|Any CPU = Release|Any CPU
	EndGlobalSection
	GlobalSection(ProjectConfigurationPlatforms) = postSolution
		{3183AA7A-A0B7-44B7-A31E-63C715BDEA2F}.Debug|Any CPU.ActiveCfg = Debug|Any CPU
		{3183AA7A-A0B7-44B7-A31E-63C715BDEA2F}.Debug|Any CPU.Build.0 = Debug|Any CPU
		{3183AA7A-A0B7-44B7-A31E-63C715BDEA2F}.Debug|Any CPU.Deploy.0 = Debug|Any CPU
		{3183AA7A-A0B7-44B7-A31E-63C715BDEA2F}.Release|Any CPU.ActiveCfg = Release|Any CPU
		{3183AA7A-A0B7-44B7-A31E-63C715BDEA2F}.Release|Any CPU.Build.0 = Release|Any CPU
		{3183AA7A-A0B7-44B7-A31E-63C715BDEA2F}.Release|Any CPU.Deploy.0 = Release|Any CPU
		{45EC771A-03BB-475F-8CAA-80B06B5B2E10}.Debug|Any CPU.ActiveCfg = Debug|Any CPU
		{45EC771A-03BB-475F-8CAA-80B06B5B2E10}.Debug|Any CPU.Build.0 = Debug|Any CPU
		{45EC771A-03BB-475F-8CAA-80B06B5B2E10}.Debug|Any CPU.Deploy.0 = Debug|Any CPU
		{45EC771A-03BB-475F-8CAA-80B06B5B2E10}.Release|Any CPU.ActiveCfg = Release|Any CPU
		{45EC771A-03BB-475F-8CAA-80B06B5B2E10}.Release|Any CPU.Build.0 = Release|Any CPU
		{45EC771A-03BB-475F-8CAA-80B06B5B2E10}.Release|Any CPU.Deploy.0 = Release|Any CPU
	EndGlobalSection
	GlobalSection(SolutionProperties) = preSolution
		HideSolutionNode = FALSE
	EndGlobalSection
	GlobalSection(ExtensibilityGlobals) = postSolution
		SolutionGuid = {C1E5081B-C6BB-4EF7-BB8A-3E65DD547512}
	EndGlobalSection
EndGlobal
